
Microsoft Visual Studio Solution File, Format Version 12.00
# Visual Studio Version 17
VisualStudioVersion = 17.14.36221.1
MinimumVisualStudioVersion = 10.0.40219.1
Project("{FAE04EC0-301F-11D3-BF4B-00C04F79EFBC}") = "pks-cli", "pks-cli\src\pks-cli.csproj", "{16DE62ED-34F7-D895-7FE2-56226BA9B570}"
EndProject
Project("{2150E333-8FDC-42A3-9474-1A3956D46DE8}") = "apps", "apps", "{02EA681E-C7D8-13C7-8484-4AC65E1B71E8}"
EndProject
Project("{2150E333-8FDC-42A3-9474-1A3956D46DE8}") = "tests", "tests", "{F343B18A-C61F-442F-A441-103925D827CF}"
EndProject
Project("{FAE04EC0-301F-11D3-BF4B-00C04F79EFBC}") = "PKS.CLI.Tests", "pks-cli\tests\PKS.CLI.Tests.csproj", "{2C340F62-4545-8D98-57C2-2F2ABD815441}"
EndProject
Global
	GlobalSection(SolutionConfigurationPlatforms) = preSolution
		Debug|Any CPU = Debug|Any CPU
		Release|Any CPU = Release|Any CPU
	EndGlobalSection
	GlobalSection(ProjectConfigurationPlatforms) = postSolution
		{16DE62ED-34F7-D895-7FE2-56226BA9B570}.Debug|Any CPU.ActiveCfg = Debug|Any CPU
		{16DE62ED-34F7-D895-7FE2-56226BA9B570}.Debug|Any CPU.Build.0 = Debug|Any CPU
		{16DE62ED-34F7-D895-7FE2-56226BA9B570}.Release|Any CPU.ActiveCfg = Release|Any CPU
		{16DE62ED-34F7-D895-7FE2-56226BA9B570}.Release|Any CPU.Build.0 = Release|Any CPU
		{2C340F62-4545-8D98-57C2-2F2ABD815441}.Debug|Any CPU.ActiveCfg = Debug|Any CPU
		{2C340F62-4545-8D98-57C2-2F2ABD815441}.Debug|Any CPU.Build.0 = Debug|Any CPU
		{2C340F62-4545-8D98-57C2-2F2ABD815441}.Release|Any CPU.ActiveCfg = Release|Any CPU
		{2C340F62-4545-8D98-57C2-2F2ABD815441}.Release|Any CPU.Build.0 = Release|Any CPU
	EndGlobalSection
	GlobalSection(SolutionProperties) = preSolution
		HideSolutionNode = FALSE
	EndGlobalSection
	GlobalSection(NestedProjects) = preSolution
		{16DE62ED-34F7-D895-7FE2-56226BA9B570} = {02EA681E-C7D8-13C7-8484-4AC65E1B71E8}
		{2C340F62-4545-8D98-57C2-2F2ABD815441} = {F343B18A-C61F-442F-A441-103925D827CF}
	EndGlobalSection
	GlobalSection(ExtensibilityGlobals) = postSolution
		SolutionGuid = {E172DF24-8BDC-449F-807F-B6E0940AF2EC}
	EndGlobalSection
EndGlobal
