
Microsoft Visual Studio Solution File, Format Version 12.00
# Visual Studio Version 17
VisualStudioVersion = 17.0.31903.59
MinimumVisualStudioVersion = 10.0.40219.1
Project("{2150E333-8FDC-42A3-9474-1A3956D46DE8}") = "pks-cli", "pks-cli", "{74A25A80-23CB-48EC-8CEB-F489FA745156}"
EndProject
Project("{FAE04EC0-301F-11D3-BF4B-00C04F79EFBC}") = "pks-cli", "pks-cli\src\pks-cli.csproj", "{F08DF220-E7CB-4E09-9BA9-0FDE97740093}"
EndProject
Project("{2150E333-8FDC-42A3-9474-1A3956D46DE8}") = "tests", "tests", "{B33993AD-945A-4664-82D2-D562AD97C766}"
EndProject
Project("{FAE04EC0-301F-11D3-BF4B-00C04F79EFBC}") = "PKS.CLI.Tests", "pks-cli\tests\PKS.CLI.Tests\PKS.CLI.Tests.csproj", "{4742333D-7093-4351-AC26-930B1F634AF8}"
EndProject
Global
	GlobalSection(SolutionConfigurationPlatforms) = preSolution
		Debug|Any CPU = Debug|Any CPU
		Release|Any CPU = Release|Any CPU
	EndGlobalSection
	GlobalSection(SolutionProperties) = preSolution
		HideSolutionNode = FALSE
	EndGlobalSection
	GlobalSection(ProjectConfigurationPlatforms) = postSolution
		{F08DF220-E7CB-4E09-9BA9-0FDE97740093}.Debug|Any CPU.ActiveCfg = Debug|Any CPU
		{F08DF220-E7CB-4E09-9BA9-0FDE97740093}.Debug|Any CPU.Build.0 = Debug|Any CPU
		{F08DF220-E7CB-4E09-9BA9-0FDE97740093}.Release|Any CPU.ActiveCfg = Release|Any CPU
		{F08DF220-E7CB-4E09-9BA9-0FDE97740093}.Release|Any CPU.Build.0 = Release|Any CPU
		{4742333D-7093-4351-AC26-930B1F634AF8}.Debug|Any CPU.ActiveCfg = Debug|Any CPU
		{4742333D-7093-4351-AC26-930B1F634AF8}.Debug|Any CPU.Build.0 = Debug|Any CPU
		{4742333D-7093-4351-AC26-930B1F634AF8}.Release|Any CPU.ActiveCfg = Release|Any CPU
		{4742333D-7093-4351-AC26-930B1F634AF8}.Release|Any CPU.Build.0 = Release|Any CPU
	EndGlobalSection
	GlobalSection(NestedProjects) = preSolution
		{F08DF220-E7CB-4E09-9BA9-0FDE97740093} = {74A25A80-23CB-48EC-8CEB-F489FA745156}
		{B33993AD-945A-4664-82D2-D562AD97C766} = {74A25A80-23CB-48EC-8CEB-F489FA745156}
		{4742333D-7093-4351-AC26-930B1F634AF8} = {B33993AD-945A-4664-82D2-D562AD97C766}
	EndGlobalSection
EndGlobal
